
Microsoft Visual Studio Solution File, Format Version 12.00
# Visual Studio Version 17
VisualStudioVersion = 17.8.34330.188
MinimumVisualStudioVersion = 10.0.40219.1
Project("{FAE04EC0-301F-11D3-BF4B-00C04F79EFBC}") = "MeterPay", "MeterPay\MeterPay.csproj", "{342C1F85-E673-4A4B-9494-5BCCB809429D}"
EndProject
Global
	GlobalSection(SolutionConfigurationPlatforms) = preSolution
		Debug|Any CPU = Debug|Any CPU
		Release|Any CPU = Release|Any CPU
	EndGlobalSection
	GlobalSection(ProjectConfigurationPlatforms) = postSolution
		{342C1F85-E673-4A4B-9494-5BCCB809429D}.Debug|Any CPU.ActiveCfg = Debug|Any CPU
		{342C1F85-E673-4A4B-9494-5BCCB809429D}.Debug|Any CPU.Build.0 = Debug|Any CPU
		{342C1F85-E673-4A4B-9494-5BCCB809429D}.Release|Any CPU.ActiveCfg = Release|Any CPU
		{342C1F85-E673-4A4B-9494-5BCCB809429D}.Release|Any CPU.Build.0 = Release|Any CPU
	EndGlobalSection
	GlobalSection(SolutionProperties) = preSolution
		HideSolutionNode = FALSE
	EndGlobalSection
	GlobalSection(ExtensibilityGlobals) = postSolution
		SolutionGuid = {9F4F1769-A062-4D05-8D1D-D37DA4DB9D66}
	EndGlobalSection
EndGlobal
